{
  "name": "Elfantasmadeculiacan",
  "version": "1.0.0",
  "lockfileVersion": 3,
  "requires": true,
  "homepage": "https://2a6o1.github.io/Elfantasmadeculiacan/",
  "scripts": {
    "start": "react-scripts start",
    "build": "react-scripts build",
    "test": "react-scripts test",
    "eject": "react-scripts eject",
    "predeploy": "npm run build",
    "deploy": "gh-pages -d build"
  },
  "dependencies": {

  },
  "devDependencies": {
    "gh-pages": "^4.0.0"
  }
}
